
Microsoft Visual Studio Solution File, Format Version 12.00
# Visual Studio 2013
VisualStudioVersion = 12.0.31101.0
MinimumVisualStudioVersion = 10.0.40219.1
Project("{FAE04EC0-301F-11D3-BF4B-00C04F79EFBC}") = "Othello", "Othello\Othello.csproj", "{05298DE3-E417-48C3-BA4D-FBAAE291CF55}"
EndProject
Project("{FAE04EC0-301F-11D3-BF4B-00C04F79EFBC}") = "ClassLibrary", "ClassLibrary\ClassLibrary.csproj", "{60B010EA-048A-42D0-B428-908B521C9A29}"
EndProject
Project("{FAE04EC0-301F-11D3-BF4B-00C04F79EFBC}") = "UnitTests", "UnitTestProject1\UnitTests.csproj", "{71C6792A-A4C4-43B5-AB08-A18C6A5801F4}"
EndProject
Global
	GlobalSection(SolutionConfigurationPlatforms) = preSolution
		Debug|Any CPU = Debug|Any CPU
		Release|Any CPU = Release|Any CPU
	EndGlobalSection
	GlobalSection(ProjectConfigurationPlatforms) = postSolution
		{05298DE3-E417-48C3-BA4D-FBAAE291CF55}.Debug|Any CPU.ActiveCfg = Debug|Any CPU
		{05298DE3-E417-48C3-BA4D-FBAAE291CF55}.Debug|Any CPU.Build.0 = Debug|Any CPU
		{05298DE3-E417-48C3-BA4D-FBAAE291CF55}.Release|Any CPU.ActiveCfg = Release|Any CPU
		{05298DE3-E417-48C3-BA4D-FBAAE291CF55}.Release|Any CPU.Build.0 = Release|Any CPU
		{60B010EA-048A-42D0-B428-908B521C9A29}.Debug|Any CPU.ActiveCfg = Debug|Any CPU
		{60B010EA-048A-42D0-B428-908B521C9A29}.Debug|Any CPU.Build.0 = Debug|Any CPU
		{60B010EA-048A-42D0-B428-908B521C9A29}.Release|Any CPU.ActiveCfg = Release|Any CPU
		{60B010EA-048A-42D0-B428-908B521C9A29}.Release|Any CPU.Build.0 = Release|Any CPU
		{71C6792A-A4C4-43B5-AB08-A18C6A5801F4}.Debug|Any CPU.ActiveCfg = Debug|Any CPU
		{71C6792A-A4C4-43B5-AB08-A18C6A5801F4}.Debug|Any CPU.Build.0 = Debug|Any CPU
		{71C6792A-A4C4-43B5-AB08-A18C6A5801F4}.Release|Any CPU.ActiveCfg = Release|Any CPU
		{71C6792A-A4C4-43B5-AB08-A18C6A5801F4}.Release|Any CPU.Build.0 = Release|Any CPU
	EndGlobalSection
	GlobalSection(SolutionProperties) = preSolution
		HideSolutionNode = FALSE
	EndGlobalSection
EndGlobal
